
Microsoft Visual Studio Solution File, Format Version 12.00
# Visual Studio Version 16
VisualStudioVersion = 16.0.30611.23
MinimumVisualStudioVersion = 10.0.40219.1
Project("{FAE04EC0-301F-11D3-BF4B-00C04F79EFBC}") = "Complex", "Metod\Complex.csproj", "{A0766A50-FCFE-4EEC-96D3-C14468C7800E}"
EndProject
Project("{FAE04EC0-301F-11D3-BF4B-00C04F79EFBC}") = "SumNumber", "SumNumber\SumNumber.csproj", "{82E6D10E-E1C3-42A5-B59B-9DC365E9D0FE}"
EndProject
Global
	GlobalSection(SolutionConfigurationPlatforms) = preSolution
		Debug|Any CPU = Debug|Any CPU
		Release|Any CPU = Release|Any CPU
	EndGlobalSection
	GlobalSection(ProjectConfigurationPlatforms) = postSolution
		{A0766A50-FCFE-4EEC-96D3-C14468C7800E}.Debug|Any CPU.ActiveCfg = Debug|Any CPU
		{A0766A50-FCFE-4EEC-96D3-C14468C7800E}.Debug|Any CPU.Build.0 = Debug|Any CPU
		{A0766A50-FCFE-4EEC-96D3-C14468C7800E}.Release|Any CPU.ActiveCfg = Release|Any CPU
		{A0766A50-FCFE-4EEC-96D3-C14468C7800E}.Release|Any CPU.Build.0 = Release|Any CPU
		{82E6D10E-E1C3-42A5-B59B-9DC365E9D0FE}.Debug|Any CPU.ActiveCfg = Debug|Any CPU
		{82E6D10E-E1C3-42A5-B59B-9DC365E9D0FE}.Debug|Any CPU.Build.0 = Debug|Any CPU
		{82E6D10E-E1C3-42A5-B59B-9DC365E9D0FE}.Release|Any CPU.ActiveCfg = Release|Any CPU
		{82E6D10E-E1C3-42A5-B59B-9DC365E9D0FE}.Release|Any CPU.Build.0 = Release|Any CPU
	EndGlobalSection
	GlobalSection(SolutionProperties) = preSolution
		HideSolutionNode = FALSE
	EndGlobalSection
	GlobalSection(ExtensibilityGlobals) = postSolution
		SolutionGuid = {EFC9EA15-3CDF-43EF-A7B7-629F42455438}
	EndGlobalSection
EndGlobal
